
Microsoft Visual Studio Solution File, Format Version 12.00
# Visual Studio Version 17
VisualStudioVersion = 17.4.33205.214
MinimumVisualStudioVersion = 10.0.40219.1
Project("{FAE04EC0-301F-11D3-BF4B-00C04F79EFBC}") = "WeatherClientTool_Framework", "WeatherClientTool_Framework\WeatherClientTool_Framework.csproj", "{182CA881-F0AF-4B0A-8CC7-6BD74FEF2AF6}"
EndProject
Project("{FAE04EC0-301F-11D3-BF4B-00C04F79EFBC}") = "WeatherClientTool_Framework.BAL", "WeatherClientTool_Framework.BAL\WeatherClientTool_Framework.BAL.csproj", "{FC753A44-DC98-4982-8C9C-D53DCD4CA9A2}"
EndProject
Project("{FAE04EC0-301F-11D3-BF4B-00C04F79EFBC}") = "WeatherClientTool_Framework.DAL", "WeatherClientTool_Framework.DAL\WeatherClientTool_Framework.DAL.csproj", "{FE0D08B2-0B9E-41D3-B379-9EB53A1319CE}"
EndProject
Project("{FAE04EC0-301F-11D3-BF4B-00C04F79EFBC}") = "WeatherClientTool_Framework.Models", "WeatherClientTool_Framework.Models\WeatherClientTool_Framework.Models.csproj", "{D3AEFC1E-EF4E-4C6F-9B50-F88B6EA477FA}"
EndProject
Project("{FAE04EC0-301F-11D3-BF4B-00C04F79EFBC}") = "CustomUnitTestProject", "CustomUnitTestProject\CustomUnitTestProject.csproj", "{60EE61AB-4CA5-4A57-AC63-146E90F65C63}"
EndProject
Global
	GlobalSection(SolutionConfigurationPlatforms) = preSolution
		Debug|Any CPU = Debug|Any CPU
		Release|Any CPU = Release|Any CPU
	EndGlobalSection
	GlobalSection(ProjectConfigurationPlatforms) = postSolution
		{182CA881-F0AF-4B0A-8CC7-6BD74FEF2AF6}.Debug|Any CPU.ActiveCfg = Debug|Any CPU
		{182CA881-F0AF-4B0A-8CC7-6BD74FEF2AF6}.Debug|Any CPU.Build.0 = Debug|Any CPU
		{182CA881-F0AF-4B0A-8CC7-6BD74FEF2AF6}.Release|Any CPU.ActiveCfg = Release|Any CPU
		{182CA881-F0AF-4B0A-8CC7-6BD74FEF2AF6}.Release|Any CPU.Build.0 = Release|Any CPU
		{FC753A44-DC98-4982-8C9C-D53DCD4CA9A2}.Debug|Any CPU.ActiveCfg = Debug|Any CPU
		{FC753A44-DC98-4982-8C9C-D53DCD4CA9A2}.Debug|Any CPU.Build.0 = Debug|Any CPU
		{FC753A44-DC98-4982-8C9C-D53DCD4CA9A2}.Release|Any CPU.ActiveCfg = Release|Any CPU
		{FC753A44-DC98-4982-8C9C-D53DCD4CA9A2}.Release|Any CPU.Build.0 = Release|Any CPU
		{FE0D08B2-0B9E-41D3-B379-9EB53A1319CE}.Debug|Any CPU.ActiveCfg = Debug|Any CPU
		{FE0D08B2-0B9E-41D3-B379-9EB53A1319CE}.Debug|Any CPU.Build.0 = Debug|Any CPU
		{FE0D08B2-0B9E-41D3-B379-9EB53A1319CE}.Release|Any CPU.ActiveCfg = Release|Any CPU
		{FE0D08B2-0B9E-41D3-B379-9EB53A1319CE}.Release|Any CPU.Build.0 = Release|Any CPU
		{D3AEFC1E-EF4E-4C6F-9B50-F88B6EA477FA}.Debug|Any CPU.ActiveCfg = Debug|Any CPU
		{D3AEFC1E-EF4E-4C6F-9B50-F88B6EA477FA}.Debug|Any CPU.Build.0 = Debug|Any CPU
		{D3AEFC1E-EF4E-4C6F-9B50-F88B6EA477FA}.Release|Any CPU.ActiveCfg = Release|Any CPU
		{D3AEFC1E-EF4E-4C6F-9B50-F88B6EA477FA}.Release|Any CPU.Build.0 = Release|Any CPU
		{60EE61AB-4CA5-4A57-AC63-146E90F65C63}.Debug|Any CPU.ActiveCfg = Debug|Any CPU
		{60EE61AB-4CA5-4A57-AC63-146E90F65C63}.Debug|Any CPU.Build.0 = Debug|Any CPU
		{60EE61AB-4CA5-4A57-AC63-146E90F65C63}.Release|Any CPU.ActiveCfg = Release|Any CPU
		{60EE61AB-4CA5-4A57-AC63-146E90F65C63}.Release|Any CPU.Build.0 = Release|Any CPU
	EndGlobalSection
	GlobalSection(SolutionProperties) = preSolution
		HideSolutionNode = FALSE
	EndGlobalSection
	GlobalSection(ExtensibilityGlobals) = postSolution
		SolutionGuid = {E6C1CABD-E3EA-4793-94EC-66DB68BC9D63}
	EndGlobalSection
EndGlobal
